
Microsoft Visual Studio Solution File, Format Version 12.00
# Visual Studio 15
VisualStudioVersion = 15.0.27703.2047
MinimumVisualStudioVersion = 10.0.40219.1
Project("{FAE04EC0-301F-11D3-BF4B-00C04F79EFBC}") = "Modiano", "Modiano\Modiano.csproj", "{298EDE27-A071-4549-9B34-AF5AA4810D8D}"
EndProject
Global
	GlobalSection(SolutionConfigurationPlatforms) = preSolution
		Debug|Any CPU = Debug|Any CPU
		Release|Any CPU = Release|Any CPU
	EndGlobalSection
	GlobalSection(ProjectConfigurationPlatforms) = postSolution
		{298EDE27-A071-4549-9B34-AF5AA4810D8D}.Debug|Any CPU.ActiveCfg = Debug|Any CPU
		{298EDE27-A071-4549-9B34-AF5AA4810D8D}.Debug|Any CPU.Build.0 = Debug|Any CPU
		{298EDE27-A071-4549-9B34-AF5AA4810D8D}.Release|Any CPU.ActiveCfg = Release|Any CPU
		{298EDE27-A071-4549-9B34-AF5AA4810D8D}.Release|Any CPU.Build.0 = Release|Any CPU
	EndGlobalSection
	GlobalSection(SolutionProperties) = preSolution
		HideSolutionNode = FALSE
	EndGlobalSection
	GlobalSection(ExtensibilityGlobals) = postSolution
		SolutionGuid = {86B03DC8-5C08-47F0-81B9-6453DF00934D}
	EndGlobalSection
EndGlobal
